
Microsoft Visual Studio Solution File, Format Version 12.00
# Visual Studio Version 16
VisualStudioVersion = 16.0.32002.261
MinimumVisualStudioVersion = 10.0.40219.1
Project("{FAE04EC0-301F-11D3-BF4B-00C04F79EFBC}") = "SorteioAPI", "SorteioAPI\SorteioAPI.csproj", "{3F987C3A-9CA8-491D-AC07-6E84F9F14134}"
EndProject
Global
	GlobalSection(SolutionConfigurationPlatforms) = preSolution
		Debug|Any CPU = Debug|Any CPU
		Release|Any CPU = Release|Any CPU
	EndGlobalSection
	GlobalSection(ProjectConfigurationPlatforms) = postSolution
		{3F987C3A-9CA8-491D-AC07-6E84F9F14134}.Debug|Any CPU.ActiveCfg = Debug|Any CPU
		{3F987C3A-9CA8-491D-AC07-6E84F9F14134}.Debug|Any CPU.Build.0 = Debug|Any CPU
		{3F987C3A-9CA8-491D-AC07-6E84F9F14134}.Release|Any CPU.ActiveCfg = Release|Any CPU
		{3F987C3A-9CA8-491D-AC07-6E84F9F14134}.Release|Any CPU.Build.0 = Release|Any CPU
	EndGlobalSection
	GlobalSection(SolutionProperties) = preSolution
		HideSolutionNode = FALSE
	EndGlobalSection
	GlobalSection(ExtensibilityGlobals) = postSolution
		SolutionGuid = {09AF20AB-E163-4A7B-902D-31557DE60F3B}
	EndGlobalSection
EndGlobal
